{
  "requires": true,
  "lockfileVersion": 1,
  "dependencies": {
    "iyem": {
      "version": "1.0.3",
      "resolved": "https://registry.npmjs.org/iyem/-/iyem-1.0.3.tgz",
      "integrity": "sha512-HGfGx7f0h7cgPrjg5Cjw4l7nmPSwTYkVNUls+v1MLjVsN5OaVGeBYergQnhLzbFTJhGb1n8IgczekXJh6uNSpg=="
    }
  }
}
